
Microsoft Visual Studio Solution File, Format Version 12.00
# Visual Studio Version 17
VisualStudioVersion = 17.2.32526.322
MinimumVisualStudioVersion = 10.0.40219.1
Project("{9A19103F-16F7-4668-BE54-9A1E7A4F7556}") = "RockPaperScissors.GUI", "RockPaperScissors.GUI\RockPaperScissors.GUI.csproj", "{2A85D101-3E82-4E53-A019-5ABE2EAA1DDC}"
EndProject
Project("{FAE04EC0-301F-11D3-BF4B-00C04F79EFBC}") = "RockPaperScissors.Logic", "RockPaperScissors.Logic\RockPaperScissors.Logic.csproj", "{0DA28DAE-6ACD-4470-A845-6417595F537C}"
EndProject
Global
	GlobalSection(SolutionConfigurationPlatforms) = preSolution
		Debug|Any CPU = Debug|Any CPU
		Release|Any CPU = Release|Any CPU
	EndGlobalSection
	GlobalSection(ProjectConfigurationPlatforms) = postSolution
		{2A85D101-3E82-4E53-A019-5ABE2EAA1DDC}.Debug|Any CPU.ActiveCfg = Debug|Any CPU
		{2A85D101-3E82-4E53-A019-5ABE2EAA1DDC}.Debug|Any CPU.Build.0 = Debug|Any CPU
		{2A85D101-3E82-4E53-A019-5ABE2EAA1DDC}.Release|Any CPU.ActiveCfg = Release|Any CPU
		{2A85D101-3E82-4E53-A019-5ABE2EAA1DDC}.Release|Any CPU.Build.0 = Release|Any CPU
		{0DA28DAE-6ACD-4470-A845-6417595F537C}.Debug|Any CPU.ActiveCfg = Debug|Any CPU
		{0DA28DAE-6ACD-4470-A845-6417595F537C}.Debug|Any CPU.Build.0 = Debug|Any CPU
		{0DA28DAE-6ACD-4470-A845-6417595F537C}.Release|Any CPU.ActiveCfg = Release|Any CPU
		{0DA28DAE-6ACD-4470-A845-6417595F537C}.Release|Any CPU.Build.0 = Release|Any CPU
	EndGlobalSection
	GlobalSection(SolutionProperties) = preSolution
		HideSolutionNode = FALSE
	EndGlobalSection
	GlobalSection(ExtensibilityGlobals) = postSolution
		SolutionGuid = {2F69198D-C956-4B0E-8577-717B8B46009B}
	EndGlobalSection
EndGlobal
